
Microsoft Visual Studio Solution File, Format Version 12.00
# Visual Studio Version 16
VisualStudioVersion = 16.0.35026.282
MinimumVisualStudioVersion = 10.0.40219.1
Project("{FAE04EC0-301F-11D3-BF4B-00C04F79EFBC}") = "suma-de-dos-numeros-introducido-por-el-usuario", "suma-de-dos-numeros-introducido-por-el-usuario\suma-de-dos-numeros-introducido-por-el-usuario.csproj", "{5A465838-1AD4-4CAE-93E3-859F688E97F7}"
EndProject
Global
	GlobalSection(SolutionConfigurationPlatforms) = preSolution
		Debug|Any CPU = Debug|Any CPU
		Release|Any CPU = Release|Any CPU
	EndGlobalSection
	GlobalSection(ProjectConfigurationPlatforms) = postSolution
		{5A465838-1AD4-4CAE-93E3-859F688E97F7}.Debug|Any CPU.ActiveCfg = Debug|Any CPU
		{5A465838-1AD4-4CAE-93E3-859F688E97F7}.Debug|Any CPU.Build.0 = Debug|Any CPU
		{5A465838-1AD4-4CAE-93E3-859F688E97F7}.Release|Any CPU.ActiveCfg = Release|Any CPU
		{5A465838-1AD4-4CAE-93E3-859F688E97F7}.Release|Any CPU.Build.0 = Release|Any CPU
	EndGlobalSection
	GlobalSection(SolutionProperties) = preSolution
		HideSolutionNode = FALSE
	EndGlobalSection
	GlobalSection(ExtensibilityGlobals) = postSolution
		SolutionGuid = {7E1AEC6E-3FA4-49E8-BD1D-7EA3C2942039}
	EndGlobalSection
EndGlobal
