
Microsoft Visual Studio Solution File, Format Version 12.00
# Visual Studio Version 16
VisualStudioVersion = 16.0.35130.168
MinimumVisualStudioVersion = 10.0.40219.1
Project("{FAE04EC0-301F-11D3-BF4B-00C04F79EFBC}") = "uso_de_funciones_con_parametro", "uso_de_funciones_con_parametro\uso_de_funciones_con_parametro.csproj", "{4C9705C9-7953-4AB0-A7CB-92DB034E6B29}"
EndProject
Global
	GlobalSection(SolutionConfigurationPlatforms) = preSolution
		Debug|Any CPU = Debug|Any CPU
		Release|Any CPU = Release|Any CPU
	EndGlobalSection
	GlobalSection(ProjectConfigurationPlatforms) = postSolution
		{4C9705C9-7953-4AB0-A7CB-92DB034E6B29}.Debug|Any CPU.ActiveCfg = Debug|Any CPU
		{4C9705C9-7953-4AB0-A7CB-92DB034E6B29}.Debug|Any CPU.Build.0 = Debug|Any CPU
		{4C9705C9-7953-4AB0-A7CB-92DB034E6B29}.Release|Any CPU.ActiveCfg = Release|Any CPU
		{4C9705C9-7953-4AB0-A7CB-92DB034E6B29}.Release|Any CPU.Build.0 = Release|Any CPU
	EndGlobalSection
	GlobalSection(SolutionProperties) = preSolution
		HideSolutionNode = FALSE
	EndGlobalSection
	GlobalSection(ExtensibilityGlobals) = postSolution
		SolutionGuid = {5BD85384-14D4-4CC4-ADE3-F86A9289B63A}
	EndGlobalSection
EndGlobal
