
Microsoft Visual Studio Solution File, Format Version 12.00
# Visual Studio Version 16
VisualStudioVersion = 16.0.35026.282
MinimumVisualStudioVersion = 10.0.40219.1
Project("{FAE04EC0-301F-11D3-BF4B-00C04F79EFBC}") = "Prioridad_operadores_aritmeticos", "Prioridad_operadores_aritmeticos\Prioridad_operadores_aritmeticos.csproj", "{77C40296-38E6-4AA5-AF9E-6A33AE7DDA5A}"
EndProject
Global
	GlobalSection(SolutionConfigurationPlatforms) = preSolution
		Debug|Any CPU = Debug|Any CPU
		Release|Any CPU = Release|Any CPU
	EndGlobalSection
	GlobalSection(ProjectConfigurationPlatforms) = postSolution
		{77C40296-38E6-4AA5-AF9E-6A33AE7DDA5A}.Debug|Any CPU.ActiveCfg = Debug|Any CPU
		{77C40296-38E6-4AA5-AF9E-6A33AE7DDA5A}.Debug|Any CPU.Build.0 = Debug|Any CPU
		{77C40296-38E6-4AA5-AF9E-6A33AE7DDA5A}.Release|Any CPU.ActiveCfg = Release|Any CPU
		{77C40296-38E6-4AA5-AF9E-6A33AE7DDA5A}.Release|Any CPU.Build.0 = Release|Any CPU
	EndGlobalSection
	GlobalSection(SolutionProperties) = preSolution
		HideSolutionNode = FALSE
	EndGlobalSection
	GlobalSection(ExtensibilityGlobals) = postSolution
		SolutionGuid = {3D6D09D9-CA5A-4C3D-91A6-BE3E418326F1}
	EndGlobalSection
EndGlobal
