
Microsoft Visual Studio Solution File, Format Version 12.00
# Visual Studio Version 16
VisualStudioVersion = 16.0.35130.168
MinimumVisualStudioVersion = 10.0.40219.1
Project("{FAE04EC0-301F-11D3-BF4B-00C04F79EFBC}") = "numero_determinar_si_es_primo", "numero_determinar_si_es_primo\numero_determinar_si_es_primo.csproj", "{4CB50045-1D9A-40B4-A418-F6B53D19CF2F}"
EndProject
Global
	GlobalSection(SolutionConfigurationPlatforms) = preSolution
		Debug|Any CPU = Debug|Any CPU
		Release|Any CPU = Release|Any CPU
	EndGlobalSection
	GlobalSection(ProjectConfigurationPlatforms) = postSolution
		{4CB50045-1D9A-40B4-A418-F6B53D19CF2F}.Debug|Any CPU.ActiveCfg = Debug|Any CPU
		{4CB50045-1D9A-40B4-A418-F6B53D19CF2F}.Debug|Any CPU.Build.0 = Debug|Any CPU
		{4CB50045-1D9A-40B4-A418-F6B53D19CF2F}.Release|Any CPU.ActiveCfg = Release|Any CPU
		{4CB50045-1D9A-40B4-A418-F6B53D19CF2F}.Release|Any CPU.Build.0 = Release|Any CPU
	EndGlobalSection
	GlobalSection(SolutionProperties) = preSolution
		HideSolutionNode = FALSE
	EndGlobalSection
	GlobalSection(ExtensibilityGlobals) = postSolution
		SolutionGuid = {D825525C-9316-4735-82A2-18899B7F028A}
	EndGlobalSection
EndGlobal
