
Microsoft Visual Studio Solution File, Format Version 12.00
# Visual Studio Version 16
VisualStudioVersion = 16.0.35130.168
MinimumVisualStudioVersion = 10.0.40219.1
Project("{FAE04EC0-301F-11D3-BF4B-00C04F79EFBC}") = "media_aritmetica_datos_de_usuario", "media_aritmetica_datos_de_usuario\media_aritmetica_datos_de_usuario.csproj", "{F70164E6-7A22-4675-A8D5-1640B02D3B5E}"
EndProject
Global
	GlobalSection(SolutionConfigurationPlatforms) = preSolution
		Debug|Any CPU = Debug|Any CPU
		Release|Any CPU = Release|Any CPU
	EndGlobalSection
	GlobalSection(ProjectConfigurationPlatforms) = postSolution
		{F70164E6-7A22-4675-A8D5-1640B02D3B5E}.Debug|Any CPU.ActiveCfg = Debug|Any CPU
		{F70164E6-7A22-4675-A8D5-1640B02D3B5E}.Debug|Any CPU.Build.0 = Debug|Any CPU
		{F70164E6-7A22-4675-A8D5-1640B02D3B5E}.Release|Any CPU.ActiveCfg = Release|Any CPU
		{F70164E6-7A22-4675-A8D5-1640B02D3B5E}.Release|Any CPU.Build.0 = Release|Any CPU
	EndGlobalSection
	GlobalSection(SolutionProperties) = preSolution
		HideSolutionNode = FALSE
	EndGlobalSection
	GlobalSection(ExtensibilityGlobals) = postSolution
		SolutionGuid = {1740C286-4E3E-49A7-A31B-8AF3C546E1BB}
	EndGlobalSection
EndGlobal
