
Microsoft Visual Studio Solution File, Format Version 12.00
# Visual Studio Version 16
VisualStudioVersion = 16.0.35130.168
MinimumVisualStudioVersion = 10.0.40219.1
Project("{FAE04EC0-301F-11D3-BF4B-00C04F79EFBC}") = "numero_par_impar", "numero_par_impar\numero_par_impar.csproj", "{3199CAFE-40A7-4D79-A3CF-D408C6FFF90B}"
EndProject
Global
	GlobalSection(SolutionConfigurationPlatforms) = preSolution
		Debug|Any CPU = Debug|Any CPU
		Release|Any CPU = Release|Any CPU
	EndGlobalSection
	GlobalSection(ProjectConfigurationPlatforms) = postSolution
		{3199CAFE-40A7-4D79-A3CF-D408C6FFF90B}.Debug|Any CPU.ActiveCfg = Debug|Any CPU
		{3199CAFE-40A7-4D79-A3CF-D408C6FFF90B}.Debug|Any CPU.Build.0 = Debug|Any CPU
		{3199CAFE-40A7-4D79-A3CF-D408C6FFF90B}.Release|Any CPU.ActiveCfg = Release|Any CPU
		{3199CAFE-40A7-4D79-A3CF-D408C6FFF90B}.Release|Any CPU.Build.0 = Release|Any CPU
	EndGlobalSection
	GlobalSection(SolutionProperties) = preSolution
		HideSolutionNode = FALSE
	EndGlobalSection
	GlobalSection(ExtensibilityGlobals) = postSolution
		SolutionGuid = {B4601317-ED95-4177-8430-D84FBD25DB8D}
	EndGlobalSection
EndGlobal
